
Microsoft Visual Studio Solution File, Format Version 12.00
# Visual Studio 15
VisualStudioVersion = 15.0.27703.2042
MinimumVisualStudioVersion = 10.0.40219.1
Project("{FAE04EC0-301F-11D3-BF4B-00C04F79EFBC}") = "AgProjeClientApp", "AgProjeClientApp\AgProjeClientApp.csproj", "{FC585EE8-F5C1-4EB0-9C33-0E642CFAD4F5}"
EndProject
Global
	GlobalSection(SolutionConfigurationPlatforms) = preSolution
		Debug|Any CPU = Debug|Any CPU
		Release|Any CPU = Release|Any CPU
	EndGlobalSection
	GlobalSection(ProjectConfigurationPlatforms) = postSolution
		{FC585EE8-F5C1-4EB0-9C33-0E642CFAD4F5}.Debug|Any CPU.ActiveCfg = Debug|Any CPU
		{FC585EE8-F5C1-4EB0-9C33-0E642CFAD4F5}.Debug|Any CPU.Build.0 = Debug|Any CPU
		{FC585EE8-F5C1-4EB0-9C33-0E642CFAD4F5}.Release|Any CPU.ActiveCfg = Release|Any CPU
		{FC585EE8-F5C1-4EB0-9C33-0E642CFAD4F5}.Release|Any CPU.Build.0 = Release|Any CPU
	EndGlobalSection
	GlobalSection(SolutionProperties) = preSolution
		HideSolutionNode = FALSE
	EndGlobalSection
	GlobalSection(ExtensibilityGlobals) = postSolution
		SolutionGuid = {B33E6F40-101E-472C-9B3F-C2410900574A}
	EndGlobalSection
EndGlobal
