
Microsoft Visual Studio Solution File, Format Version 12.00
# Visual Studio 15
VisualStudioVersion = 15.0.27703.2042
MinimumVisualStudioVersion = 10.0.40219.1
Project("{FAE04EC0-301F-11D3-BF4B-00C04F79EFBC}") = "AgProjeServerApp", "AgProjeServerApp\AgProjeServerApp.csproj", "{6B40ED58-CDB5-40A6-B945-22E5CA49FE4E}"
EndProject
Global
	GlobalSection(SolutionConfigurationPlatforms) = preSolution
		Debug|Any CPU = Debug|Any CPU
		Release|Any CPU = Release|Any CPU
	EndGlobalSection
	GlobalSection(ProjectConfigurationPlatforms) = postSolution
		{6B40ED58-CDB5-40A6-B945-22E5CA49FE4E}.Debug|Any CPU.ActiveCfg = Debug|Any CPU
		{6B40ED58-CDB5-40A6-B945-22E5CA49FE4E}.Debug|Any CPU.Build.0 = Debug|Any CPU
		{6B40ED58-CDB5-40A6-B945-22E5CA49FE4E}.Release|Any CPU.ActiveCfg = Release|Any CPU
		{6B40ED58-CDB5-40A6-B945-22E5CA49FE4E}.Release|Any CPU.Build.0 = Release|Any CPU
	EndGlobalSection
	GlobalSection(SolutionProperties) = preSolution
		HideSolutionNode = FALSE
	EndGlobalSection
	GlobalSection(ExtensibilityGlobals) = postSolution
		SolutionGuid = {3E6E6CC3-04F3-4EF7-9CB3-1C959E8C6D6A}
	EndGlobalSection
EndGlobal
